
Microsoft Visual Studio Solution File, Format Version 12.00
# Visual Studio 2013
VisualStudioVersion = 12.0.31101.0
MinimumVisualStudioVersion = 10.0.40219.1
Project("{FAE04EC0-301F-11D3-BF4B-00C04F79EFBC}") = "Repository", "Repository\Repository.csproj", "{98830B13-DCAA-4C15-8348-46070E6A3A53}"
EndProject
Project("{FAE04EC0-301F-11D3-BF4B-00C04F79EFBC}") = "Models", "Models\Models.csproj", "{0CF64078-07E2-4890-9454-9C58596D2BCB}"
EndProject
Project("{FAE04EC0-301F-11D3-BF4B-00C04F79EFBC}") = "PaylocityWeb", "PaylocityWeb\PaylocityWeb.csproj", "{95604C4D-19A4-4E5C-B953-5DBA5372C299}"
EndProject
Project("{FAE04EC0-301F-11D3-BF4B-00C04F79EFBC}") = "Business", "Business\Business.csproj", "{E877A0DE-20F7-4017-A07B-C2A265D82EA0}"
EndProject
Project("{FAE04EC0-301F-11D3-BF4B-00C04F79EFBC}") = "Test.Unit", "Test.Unit\Test.Unit.csproj", "{364A1B32-F69E-4D1C-AF1B-A862011495CF}"
EndProject
Global
	GlobalSection(SolutionConfigurationPlatforms) = preSolution
		Debug|Any CPU = Debug|Any CPU
		Release|Any CPU = Release|Any CPU
	EndGlobalSection
	GlobalSection(ProjectConfigurationPlatforms) = postSolution
		{98830B13-DCAA-4C15-8348-46070E6A3A53}.Debug|Any CPU.ActiveCfg = Debug|Any CPU
		{98830B13-DCAA-4C15-8348-46070E6A3A53}.Debug|Any CPU.Build.0 = Debug|Any CPU
		{98830B13-DCAA-4C15-8348-46070E6A3A53}.Release|Any CPU.ActiveCfg = Release|Any CPU
		{98830B13-DCAA-4C15-8348-46070E6A3A53}.Release|Any CPU.Build.0 = Release|Any CPU
		{0CF64078-07E2-4890-9454-9C58596D2BCB}.Debug|Any CPU.ActiveCfg = Debug|Any CPU
		{0CF64078-07E2-4890-9454-9C58596D2BCB}.Debug|Any CPU.Build.0 = Debug|Any CPU
		{0CF64078-07E2-4890-9454-9C58596D2BCB}.Release|Any CPU.ActiveCfg = Release|Any CPU
		{0CF64078-07E2-4890-9454-9C58596D2BCB}.Release|Any CPU.Build.0 = Release|Any CPU
		{95604C4D-19A4-4E5C-B953-5DBA5372C299}.Debug|Any CPU.ActiveCfg = Debug|Any CPU
		{95604C4D-19A4-4E5C-B953-5DBA5372C299}.Debug|Any CPU.Build.0 = Debug|Any CPU
		{95604C4D-19A4-4E5C-B953-5DBA5372C299}.Release|Any CPU.ActiveCfg = Release|Any CPU
		{95604C4D-19A4-4E5C-B953-5DBA5372C299}.Release|Any CPU.Build.0 = Release|Any CPU
		{E877A0DE-20F7-4017-A07B-C2A265D82EA0}.Debug|Any CPU.ActiveCfg = Debug|Any CPU
		{E877A0DE-20F7-4017-A07B-C2A265D82EA0}.Debug|Any CPU.Build.0 = Debug|Any CPU
		{E877A0DE-20F7-4017-A07B-C2A265D82EA0}.Release|Any CPU.ActiveCfg = Release|Any CPU
		{E877A0DE-20F7-4017-A07B-C2A265D82EA0}.Release|Any CPU.Build.0 = Release|Any CPU
		{364A1B32-F69E-4D1C-AF1B-A862011495CF}.Debug|Any CPU.ActiveCfg = Debug|Any CPU
		{364A1B32-F69E-4D1C-AF1B-A862011495CF}.Debug|Any CPU.Build.0 = Debug|Any CPU
		{364A1B32-F69E-4D1C-AF1B-A862011495CF}.Release|Any CPU.ActiveCfg = Release|Any CPU
		{364A1B32-F69E-4D1C-AF1B-A862011495CF}.Release|Any CPU.Build.0 = Release|Any CPU
	EndGlobalSection
	GlobalSection(SolutionProperties) = preSolution
		HideSolutionNode = FALSE
	EndGlobalSection
EndGlobal
